
Microsoft Visual Studio Solution File, Format Version 12.00
# Visual Studio 15
VisualStudioVersion = 15.0.28307.539
MinimumVisualStudioVersion = 10.0.40219.1
Project("{FAE04EC0-301F-11D3-BF4B-00C04F79EFBC}") = "MoqExpression", "MoqExpression\MoqExpression.csproj", "{D6AC6D0C-6706-4531-8F98-5D358E889F20}"
EndProject
Global
	GlobalSection(SolutionConfigurationPlatforms) = preSolution
		Debug|Any CPU = Debug|Any CPU
		Release|Any CPU = Release|Any CPU
	EndGlobalSection
	GlobalSection(ProjectConfigurationPlatforms) = postSolution
		{D6AC6D0C-6706-4531-8F98-5D358E889F20}.Debug|Any CPU.ActiveCfg = Debug|Any CPU
		{D6AC6D0C-6706-4531-8F98-5D358E889F20}.Debug|Any CPU.Build.0 = Debug|Any CPU
		{D6AC6D0C-6706-4531-8F98-5D358E889F20}.Release|Any CPU.ActiveCfg = Release|Any CPU
		{D6AC6D0C-6706-4531-8F98-5D358E889F20}.Release|Any CPU.Build.0 = Release|Any CPU
	EndGlobalSection
	GlobalSection(SolutionProperties) = preSolution
		HideSolutionNode = FALSE
	EndGlobalSection
	GlobalSection(ExtensibilityGlobals) = postSolution
		SolutionGuid = {2F9D98AC-8BF2-4E24-B973-BCAA4B0CD024}
	EndGlobalSection
EndGlobal
